<?xml version="1.0" encoding="utf-8"?>
<Project ToolsVersion="4.0" xmlns="http://schemas.microsoft.com/developer/msbuild/2003">
  <ItemGroup>
    <Filter Include="源文件">
      <UniqueIdentifier>{4FC737F1-C7A5-4376-A066-2A32D752A2FF}</UniqueIdentifier>
      <Extensions>cpp;c;cc;cxx;def;odl;idl;hpj;bat;asm;asmx</Extensions>
    </Filter>
    <Filter Include="头文件">
      <UniqueIdentifier>{93995380-89BD-4b04-88EB-625FBE52EBFB}</UniqueIdentifier>
      <Extensions>h;hpp;hxx;hm;inl;inc;xsd</Extensions>
    </Filter>
    <Filter Include="资源文件">
      <UniqueIdentifier>{67DA6AB6-F800-4c08-8B7A-83BB121AAD01}</UniqueIdentifier>
      <Extensions>rc;ico;cur;bmp;dlg;rc2;rct;bin;rgs;gif;jpg;jpeg;jpe;resx;tiff;tif;png;wav;mfcribbon-ms</Extensions>
    </Filter>
    <Filter Include="simple-cpp">
      <UniqueIdentifier>{4debf684-71ee-4db1-88fb-af024deac01f}</UniqueIdentifier>
    </Filter>
    <Filter Include="simple-cpp-win32">
      <UniqueIdentifier>{8e686901-a2e3-49cb-8fb6-046433130775}</UniqueIdentifier>
    </Filter>
  </ItemGroup>
  <ItemGroup>
    <None Include="easy-wgloader.ico">
      <Filter>资源文件</Filter>
    </None>
    <None Include="small.ico">
      <Filter>资源文件</Filter>
    </None>
    <None Include="copy-releases.cmd" />
    <None Include="copy-testdata.cmd" />
  </ItemGroup>
  <ItemGroup>
    <ClInclude Include="DlgLogin.h">
      <Filter>头文件</Filter>
    </ClInclude>
    <ClInclude Include="easy-wgloader.h">
      <Filter>头文件</Filter>
    </ClInclude>
    <ClInclude Include="Resource.h">
      <Filter>头文件</Filter>
    </ClInclude>
    <ClInclude Include="stdafx.h">
      <Filter>头文件</Filter>
    </ClInclude>
    <ClInclude Include="targetver.h">
      <Filter>头文件</Filter>
    </ClInclude>
    <ClInclude Include="DlgGame.h">
      <Filter>头文件</Filter>
    </ClInclude>
  </ItemGroup>
  <ItemGroup>
    <ClCompile Include="stdafx.cpp">
      <Filter>源文件</Filter>
    </ClCompile>
    <ClCompile Include="easy-wgloader.cpp">
      <Filter>源文件</Filter>
    </ClCompile>
    <ClCompile Include="DlgLogin.cpp">
      <Filter>源文件</Filter>
    </ClCompile>
    <ClCompile Include="DlgGame.cpp">
      <Filter>源文件</Filter>
    </ClCompile>
    <ClCompile Include="..\simple-cpp\inc\simple\app.cpp">
      <Filter>simple-cpp</Filter>
    </ClCompile>
    <ClCompile Include="..\simple-cpp\inc\simple\stringify_ini.cpp">
      <Filter>simple-cpp</Filter>
    </ClCompile>
    <ClCompile Include="..\simple-cpp\inc\simple\string.cpp">
      <Filter>simple-cpp</Filter>
    </ClCompile>
    <ClCompile Include="..\simple-cpp\inc\simple\stringify.cpp">
      <Filter>simple-cpp</Filter>
    </ClCompile>
  </ItemGroup>
  <ItemGroup>
    <ResourceCompile Include="easy-wgloader.rc">
      <Filter>资源文件</Filter>
    </ResourceCompile>
  </ItemGroup>
</Project>