<?xml version="1.0" encoding="utf-8"?>
<Project ToolsVersion="4.0" xmlns="http://schemas.microsoft.com/developer/msbuild/2003">
  <ItemGroup>
    <Filter Include="源文件">
      <UniqueIdentifier>{4FC737F1-C7A5-4376-A066-2A32D752A2FF}</UniqueIdentifier>
      <Extensions>cpp;c;cc;cxx;def;odl;idl;hpj;bat;asm;asmx</Extensions>
    </Filter>
    <Filter Include="头文件">
      <UniqueIdentifier>{93995380-89BD-4b04-88EB-625FBE52EBFB}</UniqueIdentifier>
      <Extensions>h;hpp;hxx;hm;inl;inc;xsd</Extensions>
    </Filter>
    <Filter Include="资源文件">
      <UniqueIdentifier>{67DA6AB6-F800-4c08-8B7A-83BB121AAD01}</UniqueIdentifier>
      <Extensions>rc;ico;cur;bmp;dlg;rc2;rct;bin;rgs;gif;jpg;jpeg;jpe;resx;tiff;tif;png;wav;mfcribbon-ms</Extensions>
    </Filter>
    <Filter Include="simple-cpp">
      <UniqueIdentifier>{4debf684-71ee-4db1-88fb-af024deac01f}</UniqueIdentifier>
    </Filter>
    <Filter Include="simple-cpp-win32">
      <UniqueIdentifier>{8e686901-a2e3-49cb-8fb6-046433130775}</UniqueIdentifier>
    </Filter>
    <Filter Include="example">
      <UniqueIdentifier>{27cee059-4a8c-40ac-92ae-ba8a38676cef}</UniqueIdentifier>
    </Filter>
    <Filter Include="simple-cpp-win32\gdiplus">
      <UniqueIdentifier>{4fc60e3a-da2b-4765-95c8-5d16cfefa32c}</UniqueIdentifier>
    </Filter>
    <Filter Include="simple-cpp-win32\atl">
      <UniqueIdentifier>{bd928c1e-e5c7-446c-902c-66207f26500c}</UniqueIdentifier>
    </Filter>
  </ItemGroup>
  <ItemGroup>
    <None Include="easy-wgloader.ico">
      <Filter>资源文件</Filter>
    </None>
    <None Include="small.ico">
      <Filter>资源文件</Filter>
    </None>
    <None Include="copy-releases.cmd" />
    <None Include="copy-testdata.cmd" />
    <None Include="bin\first.ini">
      <Filter>example</Filter>
    </None>
    <None Include="bin\config.ini">
      <Filter>example</Filter>
    </None>
  </ItemGroup>
  <ItemGroup>
    <ClInclude Include="DlgLogin.h">
      <Filter>头文件</Filter>
    </ClInclude>
    <ClInclude Include="easy-wgloader.h">
      <Filter>头文件</Filter>
    </ClInclude>
    <ClInclude Include="Resource.h">
      <Filter>头文件</Filter>
    </ClInclude>
    <ClInclude Include="stdafx.h">
      <Filter>头文件</Filter>
    </ClInclude>
    <ClInclude Include="targetver.h">
      <Filter>头文件</Filter>
    </ClInclude>
    <ClInclude Include="DlgGame.h">
      <Filter>头文件</Filter>
    </ClInclude>
    <ClInclude Include="DlgImage.h">
      <Filter>头文件</Filter>
    </ClInclude>
    <ClInclude Include="..\simple-cpp-win32\inc\simple-win32\atl\ImageButton.h">
      <Filter>simple-cpp-win32\atl</Filter>
    </ClInclude>
    <ClInclude Include="IECustomizer.h">
      <Filter>头文件</Filter>
    </ClInclude>
    <ClInclude Include="..\simple-cpp-win32\inc\simple-win32\atl\IEHostWindow.h">
      <Filter>simple-cpp-win32\atl</Filter>
    </ClInclude>
  </ItemGroup>
  <ItemGroup>
    <ClCompile Include="stdafx.cpp">
      <Filter>源文件</Filter>
    </ClCompile>
    <ClCompile Include="easy-wgloader.cpp">
      <Filter>源文件</Filter>
    </ClCompile>
    <ClCompile Include="DlgLogin.cpp">
      <Filter>源文件</Filter>
    </ClCompile>
    <ClCompile Include="DlgGame.cpp">
      <Filter>源文件</Filter>
    </ClCompile>
    <ClCompile Include="..\simple-cpp\inc\simple\app.cpp">
      <Filter>simple-cpp</Filter>
    </ClCompile>
    <ClCompile Include="..\simple-cpp\inc\simple\stringify_ini.cpp">
      <Filter>simple-cpp</Filter>
    </ClCompile>
    <ClCompile Include="..\simple-cpp\inc\simple\string.cpp">
      <Filter>simple-cpp</Filter>
    </ClCompile>
    <ClCompile Include="..\simple-cpp\inc\simple\stringify.cpp">
      <Filter>simple-cpp</Filter>
    </ClCompile>
    <ClCompile Include="..\simple-cpp-win32\inc\simple-win32\res.cpp">
      <Filter>simple-cpp-win32</Filter>
    </ClCompile>
    <ClCompile Include="..\simple-cpp\inc\simple\string_ex.cpp">
      <Filter>simple-cpp</Filter>
    </ClCompile>
    <ClCompile Include="..\simple-cpp\inc\simple\_third_convert_utf.cpp">
      <Filter>simple-cpp</Filter>
    </ClCompile>
    <ClCompile Include="..\simple-cpp\inc\simple\_third_pwgen.c">
      <Filter>simple-cpp</Filter>
    </ClCompile>
    <ClCompile Include="..\simple-cpp-win32\inc\simple-win32\bitmap.cpp">
      <Filter>simple-cpp-win32</Filter>
    </ClCompile>
    <ClCompile Include="..\simple-cpp-win32\inc\simple-win32\gdiplus\subimage.cpp">
      <Filter>simple-cpp-win32\gdiplus</Filter>
    </ClCompile>
    <ClCompile Include="..\simple-cpp-win32\inc\simple-win32\win.cpp">
      <Filter>simple-cpp-win32</Filter>
    </ClCompile>
    <ClCompile Include="DlgImage.cpp">
      <Filter>源文件</Filter>
    </ClCompile>
    <ClCompile Include="..\simple-cpp-win32\inc\simple-win32\atl\ImageButton.cpp">
      <Filter>simple-cpp-win32\atl</Filter>
    </ClCompile>
    <ClCompile Include="..\simple-cpp\inc\simple\_third_url_parser.c">
      <Filter>simple-cpp</Filter>
    </ClCompile>
    <ClCompile Include="..\simple-cpp\inc\simple\string_mime.cpp">
      <Filter>simple-cpp</Filter>
    </ClCompile>
    <ClCompile Include="IECustomizer.cpp">
      <Filter>源文件</Filter>
    </ClCompile>
    <ClCompile Include="..\simple-cpp-win32\inc\simple-win32\ie.cpp">
      <Filter>simple-cpp-win32</Filter>
    </ClCompile>
    <ClCompile Include="..\simple-cpp-win32\inc\simple-win32\patcher.cpp">
      <Filter>simple-cpp-win32</Filter>
    </ClCompile>
    <ClCompile Include="..\simple-cpp-win32\inc\simple-win32\atl\IEHostWindow.cpp">
      <Filter>simple-cpp-win32\atl</Filter>
    </ClCompile>
  </ItemGroup>
  <ItemGroup>
    <ResourceCompile Include="easy-wgloader.rc">
      <Filter>资源文件</Filter>
    </ResourceCompile>
  </ItemGroup>
</Project>